
Microsoft Visual Studio Solution File, Format Version 12.00
# Visual Studio Version 17
VisualStudioVersion = 17.0.31903.59
MinimumVisualStudioVersion = 10.0.40219.1
Project("{FAE04EC0-301F-11D3-BF4B-00C04F79EFBC}") = "ContractComparer", "ContractComparer\ContractComparer.csproj", "{3EC92B17-9AF4-4F34-8E07-E176EDAB6DA8}"
EndProject
Project("{FAE04EC0-301F-11D3-BF4B-00C04F79EFBC}") = "ContractGeneratorFromBA", "ContractGeneratorFromBA\ContractGeneratorFromBA.csproj", "{FF83BE05-81F3-4891-915E-5A769462C1D0}"
EndProject
Project("{FAE04EC0-301F-11D3-BF4B-00C04F79EFBC}") = "ContractGeneratorFromSpec", "ContractGeneratorFromSpec\ContractGeneratorFromSpec.csproj", "{595D57A5-37F0-436A-A119-910BA07EEBC7}"
EndProject
Global
	GlobalSection(SolutionConfigurationPlatforms) = preSolution
		Debug|Any CPU = Debug|Any CPU
		Release|Any CPU = Release|Any CPU
	EndGlobalSection
	GlobalSection(SolutionProperties) = preSolution
		HideSolutionNode = FALSE
	EndGlobalSection
	GlobalSection(ProjectConfigurationPlatforms) = postSolution
		{3EC92B17-9AF4-4F34-8E07-E176EDAB6DA8}.Debug|Any CPU.ActiveCfg = Debug|Any CPU
		{3EC92B17-9AF4-4F34-8E07-E176EDAB6DA8}.Debug|Any CPU.Build.0 = Debug|Any CPU
		{3EC92B17-9AF4-4F34-8E07-E176EDAB6DA8}.Release|Any CPU.ActiveCfg = Release|Any CPU
		{3EC92B17-9AF4-4F34-8E07-E176EDAB6DA8}.Release|Any CPU.Build.0 = Release|Any CPU
		{FF83BE05-81F3-4891-915E-5A769462C1D0}.Debug|Any CPU.ActiveCfg = Debug|Any CPU
		{FF83BE05-81F3-4891-915E-5A769462C1D0}.Debug|Any CPU.Build.0 = Debug|Any CPU
		{FF83BE05-81F3-4891-915E-5A769462C1D0}.Release|Any CPU.ActiveCfg = Release|Any CPU
		{FF83BE05-81F3-4891-915E-5A769462C1D0}.Release|Any CPU.Build.0 = Release|Any CPU
		{595D57A5-37F0-436A-A119-910BA07EEBC7}.Debug|Any CPU.ActiveCfg = Debug|Any CPU
		{595D57A5-37F0-436A-A119-910BA07EEBC7}.Debug|Any CPU.Build.0 = Debug|Any CPU
		{595D57A5-37F0-436A-A119-910BA07EEBC7}.Release|Any CPU.ActiveCfg = Release|Any CPU
		{595D57A5-37F0-436A-A119-910BA07EEBC7}.Release|Any CPU.Build.0 = Release|Any CPU
	EndGlobalSection
EndGlobal
